
Microsoft Visual Studio Solution File, Format Version 12.00
# Visual Studio Version 17
VisualStudioVersion = 17.5.002.0
MinimumVisualStudioVersion = 10.0.40219.1
Project("{9A19103F-16F7-4668-BE54-9A1E7A4F7556}") = "1task", "1task\1task.csproj", "{D9C6926D-DC08-478F-8168-1840897C1C0B}"
EndProject
Global
	GlobalSection(SolutionConfigurationPlatforms) = preSolution
		Debug|Any CPU = Debug|Any CPU
		Release|Any CPU = Release|Any CPU
	EndGlobalSection
	GlobalSection(ProjectConfigurationPlatforms) = postSolution
		{D9C6926D-DC08-478F-8168-1840897C1C0B}.Debug|Any CPU.ActiveCfg = Debug|Any CPU
		{D9C6926D-DC08-478F-8168-1840897C1C0B}.Debug|Any CPU.Build.0 = Debug|Any CPU
		{D9C6926D-DC08-478F-8168-1840897C1C0B}.Release|Any CPU.ActiveCfg = Release|Any CPU
		{D9C6926D-DC08-478F-8168-1840897C1C0B}.Release|Any CPU.Build.0 = Release|Any CPU
	EndGlobalSection
	GlobalSection(SolutionProperties) = preSolution
		HideSolutionNode = FALSE
	EndGlobalSection
	GlobalSection(ExtensibilityGlobals) = postSolution
		SolutionGuid = {95A06E73-5AE8-4DF8-B515-3C964BF9DAD6}
	EndGlobalSection
EndGlobal
